
Microsoft Visual Studio Solution File, Format Version 12.00
# Visual Studio Version 17
VisualStudioVersion = 17.12.35527.113 d17.12
MinimumVisualStudioVersion = 10.0.40219.1
Project("{FAE04EC0-301F-11D3-BF4B-00C04F79EFBC}") = "Cprograms", "Cprograms.csproj", "{6E897086-5FE7-4AE4-AE98-125E41535A82}"
EndProject
Project("{FAE04EC0-301F-11D3-BF4B-00C04F79EFBC}") = "Get", "..\Get\Get.csproj", "{7F4E3E27-D7F4-41AF-B319-9C432B60AE37}"
EndProject
Project("{FAE04EC0-301F-11D3-BF4B-00C04F79EFBC}") = "AccendingandDecending", "..\AccendingandDecending\AccendingandDecending.csproj", "{5186200A-AD06-4F10-B1C6-9712C9DAE6E8}"
EndProject
Project("{FAE04EC0-301F-11D3-BF4B-00C04F79EFBC}") = "Pailndrome", "..\Pailndrome\Pailndrome.csproj", "{48A96E8F-FED4-4DDD-900E-9435CEF04C61}"
EndProject
Global
	GlobalSection(SolutionConfigurationPlatforms) = preSolution
		Debug|Any CPU = Debug|Any CPU
		Release|Any CPU = Release|Any CPU
	EndGlobalSection
	GlobalSection(ProjectConfigurationPlatforms) = postSolution
		{6E897086-5FE7-4AE4-AE98-125E41535A82}.Debug|Any CPU.ActiveCfg = Debug|Any CPU
		{6E897086-5FE7-4AE4-AE98-125E41535A82}.Debug|Any CPU.Build.0 = Debug|Any CPU
		{6E897086-5FE7-4AE4-AE98-125E41535A82}.Release|Any CPU.ActiveCfg = Release|Any CPU
		{6E897086-5FE7-4AE4-AE98-125E41535A82}.Release|Any CPU.Build.0 = Release|Any CPU
		{7F4E3E27-D7F4-41AF-B319-9C432B60AE37}.Debug|Any CPU.ActiveCfg = Debug|Any CPU
		{7F4E3E27-D7F4-41AF-B319-9C432B60AE37}.Debug|Any CPU.Build.0 = Debug|Any CPU
		{7F4E3E27-D7F4-41AF-B319-9C432B60AE37}.Release|Any CPU.ActiveCfg = Release|Any CPU
		{7F4E3E27-D7F4-41AF-B319-9C432B60AE37}.Release|Any CPU.Build.0 = Release|Any CPU
		{5186200A-AD06-4F10-B1C6-9712C9DAE6E8}.Debug|Any CPU.ActiveCfg = Debug|Any CPU
		{5186200A-AD06-4F10-B1C6-9712C9DAE6E8}.Debug|Any CPU.Build.0 = Debug|Any CPU
		{5186200A-AD06-4F10-B1C6-9712C9DAE6E8}.Release|Any CPU.ActiveCfg = Release|Any CPU
		{5186200A-AD06-4F10-B1C6-9712C9DAE6E8}.Release|Any CPU.Build.0 = Release|Any CPU
		{48A96E8F-FED4-4DDD-900E-9435CEF04C61}.Debug|Any CPU.ActiveCfg = Debug|Any CPU
		{48A96E8F-FED4-4DDD-900E-9435CEF04C61}.Debug|Any CPU.Build.0 = Debug|Any CPU
		{48A96E8F-FED4-4DDD-900E-9435CEF04C61}.Release|Any CPU.ActiveCfg = Release|Any CPU
		{48A96E8F-FED4-4DDD-900E-9435CEF04C61}.Release|Any CPU.Build.0 = Release|Any CPU
	EndGlobalSection
	GlobalSection(SolutionProperties) = preSolution
		HideSolutionNode = FALSE
	EndGlobalSection
EndGlobal
